
Microsoft Visual Studio Solution File, Format Version 12.00
# Visual Studio Version 17
VisualStudioVersion = 17.0.31903.59
MinimumVisualStudioVersion = 10.0.40219.1
Project("{2150E333-8FDC-42A3-9474-1A3956D46DE8}") = "src", "src", "{8ACC24BE-E9AB-44FB-829A-52D4D7990B42}"
EndProject
Project("{FAE04EC0-301F-11D3-BF4B-00C04F79EFBC}") = "Payment.Api", "src\Payment.Api\Payment.Api.csproj", "{E6B0C680-A091-4536-B2B2-74D55DEE5881}"
EndProject
Project("{FAE04EC0-301F-11D3-BF4B-00C04F79EFBC}") = "Payment.Processor", "src\Payment.Processor\Payment.Processor.csproj", "{0EDDD40E-0AA0-484F-AEDB-5AA74DAE09CA}"
EndProject
Project("{2150E333-8FDC-42A3-9474-1A3956D46DE8}") = "tests", "tests", "{7F4188A3-CB0C-4DD9-BB3E-A03FDE543F63}"
EndProject
Project("{FAE04EC0-301F-11D3-BF4B-00C04F79EFBC}") = "Payment.Tests", "tests\Payment.Tests\Payment.Tests.csproj", "{5D467657-B04D-4E25-93AA-99FE04AFBB60}"
EndProject
Project("{FAE04EC0-301F-11D3-BF4B-00C04F79EFBC}") = "BuildingBlocks", "src\BuildingBlocks\BuildingBlocks.csproj", "{C5E91D09-A7D7-48E6-8932-9E6C7D376181}"
EndProject
Project("{FAE04EC0-301F-11D3-BF4B-00C04F79EFBC}") = "Payment.Domain", "src\Payment.Domain\Payment.Domain.csproj", "{96930642-8CD3-41B8-9862-1EE4D138E907}"
EndProject
Project("{FAE04EC0-301F-11D3-BF4B-00C04F79EFBC}") = "Payment.Application", "src\Payment.Application\Payment.Application.csproj", "{DC8628DA-F261-447F-8B99-FDA0C65DED18}"
EndProject
Project("{FAE04EC0-301F-11D3-BF4B-00C04F79EFBC}") = "Payment.Infrastructure", "src\Payment.Infrastructure\Payment.Infrastructure.csproj", "{D23FF645-25AF-491B-8DAD-1A57B43C3A7C}"
EndProject
Global
	GlobalSection(SolutionConfigurationPlatforms) = preSolution
		Debug|Any CPU = Debug|Any CPU
		Release|Any CPU = Release|Any CPU
	EndGlobalSection
	GlobalSection(SolutionProperties) = preSolution
		HideSolutionNode = FALSE
	EndGlobalSection
	GlobalSection(ProjectConfigurationPlatforms) = postSolution
		{E6B0C680-A091-4536-B2B2-74D55DEE5881}.Debug|Any CPU.ActiveCfg = Debug|Any CPU
		{E6B0C680-A091-4536-B2B2-74D55DEE5881}.Debug|Any CPU.Build.0 = Debug|Any CPU
		{E6B0C680-A091-4536-B2B2-74D55DEE5881}.Release|Any CPU.ActiveCfg = Release|Any CPU
		{E6B0C680-A091-4536-B2B2-74D55DEE5881}.Release|Any CPU.Build.0 = Release|Any CPU
		{0EDDD40E-0AA0-484F-AEDB-5AA74DAE09CA}.Debug|Any CPU.ActiveCfg = Debug|Any CPU
		{0EDDD40E-0AA0-484F-AEDB-5AA74DAE09CA}.Debug|Any CPU.Build.0 = Debug|Any CPU
		{0EDDD40E-0AA0-484F-AEDB-5AA74DAE09CA}.Release|Any CPU.ActiveCfg = Release|Any CPU
		{0EDDD40E-0AA0-484F-AEDB-5AA74DAE09CA}.Release|Any CPU.Build.0 = Release|Any CPU
		{5D467657-B04D-4E25-93AA-99FE04AFBB60}.Debug|Any CPU.ActiveCfg = Debug|Any CPU
		{5D467657-B04D-4E25-93AA-99FE04AFBB60}.Debug|Any CPU.Build.0 = Debug|Any CPU
		{5D467657-B04D-4E25-93AA-99FE04AFBB60}.Release|Any CPU.ActiveCfg = Release|Any CPU
		{5D467657-B04D-4E25-93AA-99FE04AFBB60}.Release|Any CPU.Build.0 = Release|Any CPU
		{C5E91D09-A7D7-48E6-8932-9E6C7D376181}.Debug|Any CPU.ActiveCfg = Debug|Any CPU
		{C5E91D09-A7D7-48E6-8932-9E6C7D376181}.Debug|Any CPU.Build.0 = Debug|Any CPU
		{C5E91D09-A7D7-48E6-8932-9E6C7D376181}.Release|Any CPU.ActiveCfg = Release|Any CPU
		{C5E91D09-A7D7-48E6-8932-9E6C7D376181}.Release|Any CPU.Build.0 = Release|Any CPU
		{96930642-8CD3-41B8-9862-1EE4D138E907}.Debug|Any CPU.ActiveCfg = Debug|Any CPU
		{96930642-8CD3-41B8-9862-1EE4D138E907}.Debug|Any CPU.Build.0 = Debug|Any CPU
		{96930642-8CD3-41B8-9862-1EE4D138E907}.Release|Any CPU.ActiveCfg = Release|Any CPU
		{96930642-8CD3-41B8-9862-1EE4D138E907}.Release|Any CPU.Build.0 = Release|Any CPU
		{DC8628DA-F261-447F-8B99-FDA0C65DED18}.Debug|Any CPU.ActiveCfg = Debug|Any CPU
		{DC8628DA-F261-447F-8B99-FDA0C65DED18}.Debug|Any CPU.Build.0 = Debug|Any CPU
		{DC8628DA-F261-447F-8B99-FDA0C65DED18}.Release|Any CPU.ActiveCfg = Release|Any CPU
		{DC8628DA-F261-447F-8B99-FDA0C65DED18}.Release|Any CPU.Build.0 = Release|Any CPU
		{D23FF645-25AF-491B-8DAD-1A57B43C3A7C}.Debug|Any CPU.ActiveCfg = Debug|Any CPU
		{D23FF645-25AF-491B-8DAD-1A57B43C3A7C}.Debug|Any CPU.Build.0 = Debug|Any CPU
		{D23FF645-25AF-491B-8DAD-1A57B43C3A7C}.Release|Any CPU.ActiveCfg = Release|Any CPU
		{D23FF645-25AF-491B-8DAD-1A57B43C3A7C}.Release|Any CPU.Build.0 = Release|Any CPU
	EndGlobalSection
	GlobalSection(NestedProjects) = preSolution
		{E6B0C680-A091-4536-B2B2-74D55DEE5881} = {8ACC24BE-E9AB-44FB-829A-52D4D7990B42}
		{0EDDD40E-0AA0-484F-AEDB-5AA74DAE09CA} = {8ACC24BE-E9AB-44FB-829A-52D4D7990B42}
		{5D467657-B04D-4E25-93AA-99FE04AFBB60} = {7F4188A3-CB0C-4DD9-BB3E-A03FDE543F63}
		{C5E91D09-A7D7-48E6-8932-9E6C7D376181} = {8ACC24BE-E9AB-44FB-829A-52D4D7990B42}
		{96930642-8CD3-41B8-9862-1EE4D138E907} = {8ACC24BE-E9AB-44FB-829A-52D4D7990B42}
		{DC8628DA-F261-447F-8B99-FDA0C65DED18} = {8ACC24BE-E9AB-44FB-829A-52D4D7990B42}
		{D23FF645-25AF-491B-8DAD-1A57B43C3A7C} = {8ACC24BE-E9AB-44FB-829A-52D4D7990B42}
	EndGlobalSection
EndGlobal
